
Microsoft Visual Studio Solution File, Format Version 12.00
# Visual Studio Version 17
VisualStudioVersion = 17.10.34607.79
MinimumVisualStudioVersion = 10.0.40219.1
Project("{FAE04EC0-301F-11D3-BF4B-00C04F79EFBC}") = "ProfileApp", "Walter.Cypher.Newtonsoft.Json\ProfileApp.csproj", "{F062979A-7363-4B8D-89BC-ED2652C516CF}"
EndProject
Global
	GlobalSection(SolutionConfigurationPlatforms) = preSolution
		Debug|Any CPU = Debug|Any CPU
		Release|Any CPU = Release|Any CPU
	EndGlobalSection
	GlobalSection(ProjectConfigurationPlatforms) = postSolution
		{F062979A-7363-4B8D-89BC-ED2652C516CF}.Debug|Any CPU.ActiveCfg = Debug|Any CPU
		{F062979A-7363-4B8D-89BC-ED2652C516CF}.Debug|Any CPU.Build.0 = Debug|Any CPU
		{F062979A-7363-4B8D-89BC-ED2652C516CF}.Release|Any CPU.ActiveCfg = Release|Any CPU
		{F062979A-7363-4B8D-89BC-ED2652C516CF}.Release|Any CPU.Build.0 = Release|Any CPU
	EndGlobalSection
	GlobalSection(SolutionProperties) = preSolution
		HideSolutionNode = FALSE
	EndGlobalSection
	GlobalSection(ExtensibilityGlobals) = postSolution
		SolutionGuid = {C02FE3EC-B305-4F86-9C41-D62C706F1890}
	EndGlobalSection
EndGlobal
